
Microsoft Visual Studio Solution File, Format Version 12.00
Project("{FAE04EC0-301F-11D3-BF4B-00C04F79EFBC}") = "RoboHand.AdminPanel", "RoboHand.AdminPanel\RoboHand.AdminPanel.csproj", "{A0FD6841-E1EF-42FD-AE08-29A35BA58CC1}"
EndProject
Global
	GlobalSection(SolutionConfigurationPlatforms) = preSolution
		Debug|Any CPU = Debug|Any CPU
		Release|Any CPU = Release|Any CPU
	EndGlobalSection
	GlobalSection(ProjectConfigurationPlatforms) = postSolution
		{A0FD6841-E1EF-42FD-AE08-29A35BA58CC1}.Debug|Any CPU.ActiveCfg = Debug|Any CPU
		{A0FD6841-E1EF-42FD-AE08-29A35BA58CC1}.Debug|Any CPU.Build.0 = Debug|Any CPU
		{A0FD6841-E1EF-42FD-AE08-29A35BA58CC1}.Release|Any CPU.ActiveCfg = Release|Any CPU
		{A0FD6841-E1EF-42FD-AE08-29A35BA58CC1}.Release|Any CPU.Build.0 = Release|Any CPU
	EndGlobalSection
EndGlobal
